# This file is autogenerated, do not edit; changes may be undone by the next 'dep ensure'.


[[projects]]
  name = "github.com/aws/aws-lambda-go"
  packages = [
    "events",
    "lambda",
    "lambda/messages",
    "lambdacontext"
  ]
  revision = "5fea2b254568d4043f23d27471ae265cd33d3530"

[[projects]]
  branch = "master"
  name = "github.com/awslabs/aws-lambda-go-api-proxy"
  packages = [
    "core",
    "gorillamux"
  ]
  revision = "6986cdf6237e77c4d9a721a1b153e904fa384a24"

[[projects]]
  name = "github.com/gorilla/context"
  packages = ["."]
  revision = "08b5f424b9271eedf6f9f0ce86cb9396ed337a42"
  version = "v1.1.1"

[[projects]]
  name = "github.com/gorilla/mux"
  packages = ["."]
  revision = "c0091a029979286890368b4c7b301261e448e242"

[solve-meta]
  analyzer-name = "dep"
  analyzer-version = 1
  inputs-digest = "e6c8a3adec7082dd5ae8e2fd54de8a0d0bbb2fbb4d0be9d3cd7a8876ed7515c2"
  solver-name = "gps-cdcl"
  solver-version = 1
